<Project ToolsVersion="4.0" xmlns="http://schemas.microsoft.com/developer/msbuild/2003">
  <ItemGroup>
    <Filter Include="Source Files">
      <UniqueIdentifier>{4FC737F1-C7A5-4376-A066-2A32D752A2FF}</UniqueIdentifier>
      <Extensions>cpp;c;cc;cxx;def;odl;idl;hpj;bat;asm;asmx</Extensions>
    </Filter>
    <Filter Include="Header Files">
      <UniqueIdentifier>{93995380-89BD-4b04-88EB-625FBE52EBFB}</UniqueIdentifier>
      <Extensions>h;hpp;hxx;hm;inl;inc;xsd</Extensions>
    </Filter>
    <Filter Include="Resource Files">
      <UniqueIdentifier>{67DA6AB6-F800-4c08-8B7A-83BB121AAD01}</UniqueIdentifier>
      <Extensions>rc;ico;cur;bmp;dlg;rc2;rct;bin;rgs;gif;jpg;jpeg;jpe;resx;tiff;tif;png;wav</Extensions>
    </Filter>
    <Filter Include="Blocks">
      <UniqueIdentifier>{0B081ACE-4A50-44A4-8933-2C761090A862}</UniqueIdentifier>
    </Filter>
    <Filter Include="Blocks\Audio2">
      <UniqueIdentifier>{CC096C74-2730-4BBF-A4BF-E3C499240BC5}</UniqueIdentifier>
    </Filter>
    <Filter Include="Blocks\Audio2\src">
      <UniqueIdentifier>{65E70AAC-64C3-465E-90C1-F3165D7929E8}</UniqueIdentifier>
    </Filter>
    <Filter Include="Blocks\Audio2\src\audio2">
      <UniqueIdentifier>{66733FEC-CEE4-42E3-8F11-E4E615A56250}</UniqueIdentifier>
    </Filter>
    <Filter Include="Blocks\Audio2\src\audio2\msw">
      <UniqueIdentifier>{25819A74-DE3E-4ACB-A0D2-41A2BDE7774E}</UniqueIdentifier>
    </Filter>
  </ItemGroup>
  <ItemGroup>
    <ClCompile Include="..\src\PdTestApp.cpp">
      <Filter>Source Files</Filter>
    </ClCompile>
    <ClCompile Include="..\src\PdTestApp.cpp">
      <Filter>Source Files</Filter>
    </ClCompile>
    <ClInclude Include="..\include\Resources.h">
      <Filter>Header Files</Filter>
    </ClInclude>
    <ClInclude Include="..\..\..\..\..\cinder-dev\blocks\audio2\src\Gui.h">
      <Filter>Blocks\Audio2\src</Filter>
    </ClInclude>
    <ClInclude Include="..\..\..\..\..\cinder-dev\blocks\audio2\src\audio2\Assert.h">
      <Filter>Blocks\Audio2\src\audio2</Filter>
    </ClInclude>
    <ClInclude Include="..\..\..\..\..\cinder-dev\blocks\audio2\src\audio2\Atomic.h">
      <Filter>Blocks\Audio2\src\audio2</Filter>
    </ClInclude>
    <ClInclude Include="..\..\..\..\..\cinder-dev\blocks\audio2\src\audio2\audio.h">
      <Filter>Blocks\Audio2\src\audio2</Filter>
    </ClInclude>
    <ClInclude Include="..\..\..\..\..\cinder-dev\blocks\audio2\src\audio2\Buffer.h">
      <Filter>Blocks\Audio2\src\audio2</Filter>
    </ClInclude>
    <ClInclude Include="..\..\..\..\..\cinder-dev\blocks\audio2\src\audio2\Context.h">
      <Filter>Blocks\Audio2\src\audio2</Filter>
    </ClInclude>
    <ClInclude Include="..\..\..\..\..\cinder-dev\blocks\audio2\src\audio2\Debug.h">
      <Filter>Blocks\Audio2\src\audio2</Filter>
    </ClInclude>
    <ClInclude Include="..\..\..\..\..\cinder-dev\blocks\audio2\src\audio2\Device.h">
      <Filter>Blocks\Audio2\src\audio2</Filter>
    </ClInclude>
    <ClInclude Include="..\..\..\..\..\cinder-dev\blocks\audio2\src\audio2\Dsp.h">
      <Filter>Blocks\Audio2\src\audio2</Filter>
    </ClInclude>
    <ClInclude Include="..\..\..\..\..\cinder-dev\blocks\audio2\src\audio2\EffectNode.h">
      <Filter>Blocks\Audio2\src\audio2</Filter>
    </ClInclude>
    <ClInclude Include="..\..\..\..\..\cinder-dev\blocks\audio2\src\audio2\Fft.h">
      <Filter>Blocks\Audio2\src\audio2</Filter>
    </ClInclude>
    <ClInclude Include="..\..\..\..\..\cinder-dev\blocks\audio2\src\audio2\File.h">
      <Filter>Blocks\Audio2\src\audio2</Filter>
    </ClInclude>
    <ClInclude Include="..\..\..\..\..\cinder-dev\blocks\audio2\src\audio2\GeneratorNode.h">
      <Filter>Blocks\Audio2\src\audio2</Filter>
    </ClInclude>
    <ClInclude Include="..\..\..\..\..\cinder-dev\blocks\audio2\src\audio2\Plot.h">
      <Filter>Blocks\Audio2\src\audio2</Filter>
    </ClInclude>
    <ClInclude Include="..\..\..\..\..\cinder-dev\blocks\audio2\src\audio2\RingBuffer.h">
      <Filter>Blocks\Audio2\src\audio2</Filter>
    </ClInclude>
    <ClInclude Include="..\..\..\..\..\cinder-dev\blocks\audio2\src\audio2\TapNode.h">
      <Filter>Blocks\Audio2\src\audio2</Filter>
    </ClInclude>
    <ClCompile Include="..\..\..\..\..\cinder-dev\blocks\audio2\src\audio2\audio.cpp">
      <Filter>Blocks\Audio2\src\audio2</Filter>
    </ClCompile>
    <ClCompile Include="..\..\..\..\..\cinder-dev\blocks\audio2\src\audio2\Context.cpp">
      <Filter>Blocks\Audio2\src\audio2</Filter>
    </ClCompile>
    <ClCompile Include="..\..\..\..\..\cinder-dev\blocks\audio2\src\audio2\Device.cpp">
      <Filter>Blocks\Audio2\src\audio2</Filter>
    </ClCompile>
    <ClCompile Include="..\..\..\..\..\cinder-dev\blocks\audio2\src\audio2\Dsp.cpp">
      <Filter>Blocks\Audio2\src\audio2</Filter>
    </ClCompile>
    <ClCompile Include="..\..\..\..\..\cinder-dev\blocks\audio2\src\audio2\Fft.cpp">
      <Filter>Blocks\Audio2\src\audio2</Filter>
    </ClCompile>
    <ClCompile Include="..\..\..\..\..\cinder-dev\blocks\audio2\src\audio2\File.cpp">
      <Filter>Blocks\Audio2\src\audio2</Filter>
    </ClCompile>
    <ClCompile Include="..\..\..\..\..\cinder-dev\blocks\audio2\src\audio2\GeneratorNode.cpp">
      <Filter>Blocks\Audio2\src\audio2</Filter>
    </ClCompile>
    <ClCompile Include="..\..\..\..\..\cinder-dev\blocks\audio2\src\audio2\Plot.cpp">
      <Filter>Blocks\Audio2\src\audio2</Filter>
    </ClCompile>
    <ClCompile Include="..\..\..\..\..\cinder-dev\blocks\audio2\src\audio2\TapNode.cpp">
      <Filter>Blocks\Audio2\src\audio2</Filter>
    </ClCompile>
    <ClInclude Include="..\..\..\..\..\cinder-dev\blocks\audio2\src\audio2\msw\ContextXAudio.h">
      <Filter>Blocks\Audio2\src\audio2\msw</Filter>
    </ClInclude>
    <ClInclude Include="..\..\..\..\..\cinder-dev\blocks\audio2\src\audio2\msw\DeviceInputWasapi.h">
      <Filter>Blocks\Audio2\src\audio2\msw</Filter>
    </ClInclude>
    <ClInclude Include="..\..\..\..\..\cinder-dev\blocks\audio2\src\audio2\msw\DeviceManagerWasapi.h">
      <Filter>Blocks\Audio2\src\audio2\msw</Filter>
    </ClInclude>
    <ClInclude Include="..\..\..\..\..\cinder-dev\blocks\audio2\src\audio2\msw\DeviceOutputXAudio.h">
      <Filter>Blocks\Audio2\src\audio2\msw</Filter>
    </ClInclude>
    <ClInclude Include="..\..\..\..\..\cinder-dev\blocks\audio2\src\audio2\msw\FileMediaFoundation.h">
      <Filter>Blocks\Audio2\src\audio2\msw</Filter>
    </ClInclude>
    <ClInclude Include="..\..\..\..\..\cinder-dev\blocks\audio2\src\audio2\msw\util.h">
      <Filter>Blocks\Audio2\src\audio2\msw</Filter>
    </ClInclude>
    <ClInclude Include="..\..\..\..\..\cinder-dev\blocks\audio2\src\audio2\msw\xaudio.h">
      <Filter>Blocks\Audio2\src\audio2\msw</Filter>
    </ClInclude>
    <ClCompile Include="..\..\..\..\..\cinder-dev\blocks\audio2\src\audio2\msw\ContextXAudio.cpp">
      <Filter>Blocks\Audio2\src\audio2\msw</Filter>
    </ClCompile>
    <ClCompile Include="..\..\..\..\..\cinder-dev\blocks\audio2\src\audio2\msw\DeviceInputWasapi.cpp">
      <Filter>Blocks\Audio2\src\audio2\msw</Filter>
    </ClCompile>
    <ClCompile Include="..\..\..\..\..\cinder-dev\blocks\audio2\src\audio2\msw\DeviceManagerWasapi.cpp">
      <Filter>Blocks\Audio2\src\audio2\msw</Filter>
    </ClCompile>
    <ClCompile Include="..\..\..\..\..\cinder-dev\blocks\audio2\src\audio2\msw\DeviceOutputXAudio.cpp">
      <Filter>Blocks\Audio2\src\audio2\msw</Filter>
    </ClCompile>
    <ClCompile Include="..\..\..\..\..\cinder-dev\blocks\audio2\src\audio2\msw\FileMediaFoundation.cpp">
      <Filter>Blocks\Audio2\src\audio2\msw</Filter>
    </ClCompile>
    <ClCompile Include="..\..\..\..\..\cinder-dev\blocks\audio2\src\audio2\msw\util.cpp">
      <Filter>Blocks\Audio2\src\audio2\msw</Filter>
    </ClCompile>
  </ItemGroup>
  <ItemGroup>
    <ClInclude Include="..\include\Resources.h">
      <Filter>Header Files</Filter>
    </ClInclude>
  </ItemGroup>
  <ItemGroup>
    <ResourceCompile Include="Resources.rc">
      <Filter>Resource Files</Filter>
    </ResourceCompile>
  </ItemGroup>
</Project>
