// !$*UTF8*$!
{
	archiveVersion = 1;
	classes = {
	};
	objectVersion = 46;
	objects = {

/* Begin PBXBuildFile section */
		0091D8F90E81B9330029341E /* OpenGL.framework in Frameworks */ = {isa = PBXBuildFile; fileRef = 0091D8F80E81B9330029341E /* OpenGL.framework */; };
		00B784B30FF439BC000DE1D7 /* Accelerate.framework in Frameworks */ = {isa = PBXBuildFile; fileRef = 00B784AF0FF439BC000DE1D7 /* Accelerate.framework */; };
		00B784B40FF439BC000DE1D7 /* AudioToolbox.framework in Frameworks */ = {isa = PBXBuildFile; fileRef = 00B784B00FF439BC000DE1D7 /* AudioToolbox.framework */; };
		00B784B50FF439BC000DE1D7 /* AudioUnit.framework in Frameworks */ = {isa = PBXBuildFile; fileRef = 00B784B10FF439BC000DE1D7 /* AudioUnit.framework */; };
		00B784B60FF439BC000DE1D7 /* CoreAudio.framework in Frameworks */ = {isa = PBXBuildFile; fileRef = 00B784B20FF439BC000DE1D7 /* CoreAudio.framework */; };
		1101F9F819189A3B00002281 /* d_arithmetic.c in Sources */ = {isa = PBXBuildFile; fileRef = 1101F9AC19189A3B00002281 /* d_arithmetic.c */; };
		1101F9F919189A3B00002281 /* d_array.c in Sources */ = {isa = PBXBuildFile; fileRef = 1101F9AD19189A3B00002281 /* d_array.c */; };
		1101F9FA19189A3B00002281 /* d_ctl.c in Sources */ = {isa = PBXBuildFile; fileRef = 1101F9AE19189A3B00002281 /* d_ctl.c */; };
		1101F9FB19189A3B00002281 /* d_dac.c in Sources */ = {isa = PBXBuildFile; fileRef = 1101F9AF19189A3B00002281 /* d_dac.c */; };
		1101F9FC19189A3B00002281 /* d_delay.c in Sources */ = {isa = PBXBuildFile; fileRef = 1101F9B019189A3B00002281 /* d_delay.c */; };
		1101F9FD19189A3B00002281 /* d_fft_mayer.c in Sources */ = {isa = PBXBuildFile; fileRef = 1101F9B119189A3B00002281 /* d_fft_mayer.c */; };
		1101F9FE19189A3B00002281 /* d_fft.c in Sources */ = {isa = PBXBuildFile; fileRef = 1101F9B219189A3B00002281 /* d_fft.c */; };
		1101F9FF19189A3B00002281 /* d_fftroutine.c in Sources */ = {isa = PBXBuildFile; fileRef = 1101F9B319189A3B00002281 /* d_fftroutine.c */; };
		1101FA0019189A3B00002281 /* d_fftsg_h.c in Sources */ = {isa = PBXBuildFile; fileRef = 1101F9B419189A3B00002281 /* d_fftsg_h.c */; };
		1101FA0119189A3B00002281 /* d_filter.c in Sources */ = {isa = PBXBuildFile; fileRef = 1101F9B519189A3B00002281 /* d_filter.c */; };
		1101FA0219189A3B00002281 /* d_global.c in Sources */ = {isa = PBXBuildFile; fileRef = 1101F9B619189A3B00002281 /* d_global.c */; };
		1101FA0319189A3B00002281 /* d_math.c in Sources */ = {isa = PBXBuildFile; fileRef = 1101F9B719189A3B00002281 /* d_math.c */; };
		1101FA0419189A3B00002281 /* d_misc.c in Sources */ = {isa = PBXBuildFile; fileRef = 1101F9B819189A3B00002281 /* d_misc.c */; };
		1101FA0519189A3B00002281 /* d_osc.c in Sources */ = {isa = PBXBuildFile; fileRef = 1101F9B919189A3B00002281 /* d_osc.c */; };
		1101FA0619189A3B00002281 /* d_resample.c in Sources */ = {isa = PBXBuildFile; fileRef = 1101F9BA19189A3B00002281 /* d_resample.c */; };
		1101FA0719189A3B00002281 /* d_soundfile.c in Sources */ = {isa = PBXBuildFile; fileRef = 1101F9BB19189A3B00002281 /* d_soundfile.c */; };
		1101FA0819189A3B00002281 /* d_ugen.c in Sources */ = {isa = PBXBuildFile; fileRef = 1101F9BC19189A3B00002281 /* d_ugen.c */; };
		1101FA0919189A3B00002281 /* g_all_guis.c in Sources */ = {isa = PBXBuildFile; fileRef = 1101F9BD19189A3B00002281 /* g_all_guis.c */; };
		1101FA0A19189A3B00002281 /* g_array.c in Sources */ = {isa = PBXBuildFile; fileRef = 1101F9BF19189A3B00002281 /* g_array.c */; };
		1101FA0B19189A3B00002281 /* g_bang.c in Sources */ = {isa = PBXBuildFile; fileRef = 1101F9C019189A3B00002281 /* g_bang.c */; };
		1101FA0C19189A3B00002281 /* g_canvas.c in Sources */ = {isa = PBXBuildFile; fileRef = 1101F9C119189A3B00002281 /* g_canvas.c */; };
		1101FA0D19189A3B00002281 /* g_editor.c in Sources */ = {isa = PBXBuildFile; fileRef = 1101F9C319189A3B00002281 /* g_editor.c */; };
		1101FA0E19189A3B00002281 /* g_graph.c in Sources */ = {isa = PBXBuildFile; fileRef = 1101F9C419189A3B00002281 /* g_graph.c */; };
		1101FA0F19189A3B00002281 /* g_guiconnect.c in Sources */ = {isa = PBXBuildFile; fileRef = 1101F9C519189A3B00002281 /* g_guiconnect.c */; };
		1101FA1019189A3B00002281 /* g_hdial.c in Sources */ = {isa = PBXBuildFile; fileRef = 1101F9C619189A3B00002281 /* g_hdial.c */; };
		1101FA1119189A3B00002281 /* g_hslider.c in Sources */ = {isa = PBXBuildFile; fileRef = 1101F9C719189A3B00002281 /* g_hslider.c */; };
		1101FA1219189A3B00002281 /* g_io.c in Sources */ = {isa = PBXBuildFile; fileRef = 1101F9C819189A3B00002281 /* g_io.c */; };
		1101FA1319189A3B00002281 /* g_mycanvas.c in Sources */ = {isa = PBXBuildFile; fileRef = 1101F9C919189A3B00002281 /* g_mycanvas.c */; };
		1101FA1419189A3B00002281 /* g_numbox.c in Sources */ = {isa = PBXBuildFile; fileRef = 1101F9CA19189A3B00002281 /* g_numbox.c */; };
		1101FA1519189A3B00002281 /* g_readwrite.c in Sources */ = {isa = PBXBuildFile; fileRef = 1101F9CB19189A3B00002281 /* g_readwrite.c */; };
		1101FA1619189A3B00002281 /* g_rtext.c in Sources */ = {isa = PBXBuildFile; fileRef = 1101F9CC19189A3B00002281 /* g_rtext.c */; };
		1101FA1719189A3B00002281 /* g_scalar.c in Sources */ = {isa = PBXBuildFile; fileRef = 1101F9CD19189A3B00002281 /* g_scalar.c */; };
		1101FA1819189A3B00002281 /* g_template.c in Sources */ = {isa = PBXBuildFile; fileRef = 1101F9CE19189A3B00002281 /* g_template.c */; };
		1101FA1919189A3B00002281 /* g_text.c in Sources */ = {isa = PBXBuildFile; fileRef = 1101F9CF19189A3B00002281 /* g_text.c */; };
		1101FA1A19189A3B00002281 /* g_toggle.c in Sources */ = {isa = PBXBuildFile; fileRef = 1101F9D019189A3B00002281 /* g_toggle.c */; };
		1101FA1B19189A3B00002281 /* g_traversal.c in Sources */ = {isa = PBXBuildFile; fileRef = 1101F9D119189A3B00002281 /* g_traversal.c */; };
		1101FA1C19189A3B00002281 /* g_vdial.c in Sources */ = {isa = PBXBuildFile; fileRef = 1101F9D219189A3B00002281 /* g_vdial.c */; };
		1101FA1D19189A3B00002281 /* g_vslider.c in Sources */ = {isa = PBXBuildFile; fileRef = 1101F9D319189A3B00002281 /* g_vslider.c */; };
		1101FA1E19189A3B00002281 /* g_vumeter.c in Sources */ = {isa = PBXBuildFile; fileRef = 1101F9D419189A3B00002281 /* g_vumeter.c */; };
		1101FA1F19189A3B00002281 /* m_atom.c in Sources */ = {isa = PBXBuildFile; fileRef = 1101F9D519189A3B00002281 /* m_atom.c */; };
		1101FA2019189A3B00002281 /* m_binbuf.c in Sources */ = {isa = PBXBuildFile; fileRef = 1101F9D619189A3B00002281 /* m_binbuf.c */; };
		1101FA2119189A3B00002281 /* m_class.c in Sources */ = {isa = PBXBuildFile; fileRef = 1101F9D719189A3B00002281 /* m_class.c */; };
		1101FA2219189A3B00002281 /* m_conf.c in Sources */ = {isa = PBXBuildFile; fileRef = 1101F9D819189A3B00002281 /* m_conf.c */; };
		1101FA2319189A3B00002281 /* m_glob.c in Sources */ = {isa = PBXBuildFile; fileRef = 1101F9D919189A3B00002281 /* m_glob.c */; };
		1101FA2419189A3B00002281 /* m_memory.c in Sources */ = {isa = PBXBuildFile; fileRef = 1101F9DB19189A3B00002281 /* m_memory.c */; };
		1101FA2519189A3B00002281 /* m_obj.c in Sources */ = {isa = PBXBuildFile; fileRef = 1101F9DC19189A3B00002281 /* m_obj.c */; };
		1101FA2619189A3B00002281 /* m_pd.c in Sources */ = {isa = PBXBuildFile; fileRef = 1101F9DD19189A3B00002281 /* m_pd.c */; };
		1101FA2719189A3B00002281 /* m_sched.c in Sources */ = {isa = PBXBuildFile; fileRef = 1101F9DF19189A3B00002281 /* m_sched.c */; };
		1101FA2819189A3B00002281 /* s_audio_dummy.c in Sources */ = {isa = PBXBuildFile; fileRef = 1101F9E019189A3B00002281 /* s_audio_dummy.c */; };
		1101FA2919189A3B00002281 /* s_audio.c in Sources */ = {isa = PBXBuildFile; fileRef = 1101F9E119189A3B00002281 /* s_audio.c */; };
		1101FA2A19189A3B00002281 /* s_file.c in Sources */ = {isa = PBXBuildFile; fileRef = 1101F9E219189A3B00002281 /* s_file.c */; };
		1101FA2B19189A3B00002281 /* s_inter.c in Sources */ = {isa = PBXBuildFile; fileRef = 1101F9E319189A3B00002281 /* s_inter.c */; };
		1101FA2C19189A3B00002281 /* s_loader.c in Sources */ = {isa = PBXBuildFile; fileRef = 1101F9E419189A3B00002281 /* s_loader.c */; };
		1101FA2D19189A3B00002281 /* s_main.c in Sources */ = {isa = PBXBuildFile; fileRef = 1101F9E519189A3B00002281 /* s_main.c */; };
		1101FA2E19189A3B00002281 /* s_path.c in Sources */ = {isa = PBXBuildFile; fileRef = 1101F9E619189A3B00002281 /* s_path.c */; };
		1101FA2F19189A3B00002281 /* s_print.c in Sources */ = {isa = PBXBuildFile; fileRef = 1101F9E719189A3B00002281 /* s_print.c */; };
		1101FA3019189A3B00002281 /* s_utf8.c in Sources */ = {isa = PBXBuildFile; fileRef = 1101F9E919189A3B00002281 /* s_utf8.c */; };
		1101FA3119189A3B00002281 /* x_acoustics.c in Sources */ = {isa = PBXBuildFile; fileRef = 1101F9EB19189A3B00002281 /* x_acoustics.c */; };
		1101FA3219189A3B00002281 /* x_arithmetic.c in Sources */ = {isa = PBXBuildFile; fileRef = 1101F9EC19189A3B00002281 /* x_arithmetic.c */; };
		1101FA3319189A3B00002281 /* x_array.c in Sources */ = {isa = PBXBuildFile; fileRef = 1101F9ED19189A3B00002281 /* x_array.c */; };
		1101FA3419189A3B00002281 /* x_connective.c in Sources */ = {isa = PBXBuildFile; fileRef = 1101F9EE19189A3B00002281 /* x_connective.c */; };
		1101FA3519189A3B00002281 /* x_gui.c in Sources */ = {isa = PBXBuildFile; fileRef = 1101F9EF19189A3B00002281 /* x_gui.c */; };
		1101FA3619189A3B00002281 /* x_interface.c in Sources */ = {isa = PBXBuildFile; fileRef = 1101F9F019189A3B00002281 /* x_interface.c */; };
		1101FA3719189A3B00002281 /* x_list.c in Sources */ = {isa = PBXBuildFile; fileRef = 1101F9F119189A3B00002281 /* x_list.c */; };
		1101FA3819189A3B00002281 /* x_midi.c in Sources */ = {isa = PBXBuildFile; fileRef = 1101F9F219189A3B00002281 /* x_midi.c */; };
		1101FA3919189A3B00002281 /* x_misc.c in Sources */ = {isa = PBXBuildFile; fileRef = 1101F9F319189A3B00002281 /* x_misc.c */; };
		1101FA3A19189A3B00002281 /* x_net.c in Sources */ = {isa = PBXBuildFile; fileRef = 1101F9F419189A3B00002281 /* x_net.c */; };
		1101FA3B19189A3B00002281 /* x_scalar.c in Sources */ = {isa = PBXBuildFile; fileRef = 1101F9F519189A3B00002281 /* x_scalar.c */; };
		1101FA3C19189A3B00002281 /* x_text.c in Sources */ = {isa = PBXBuildFile; fileRef = 1101F9F619189A3B00002281 /* x_text.c */; };
		1101FA3D19189A3B00002281 /* x_time.c in Sources */ = {isa = PBXBuildFile; fileRef = 1101F9F719189A3B00002281 /* x_time.c */; };
		1101FA4519189A5500002281 /* s_libpdmidi.c in Sources */ = {isa = PBXBuildFile; fileRef = 1101FA3E19189A5500002281 /* s_libpdmidi.c */; };
		1101FA4619189A5500002281 /* x_libpdreceive.c in Sources */ = {isa = PBXBuildFile; fileRef = 1101FA3F19189A5500002281 /* x_libpdreceive.c */; };
		1101FA4719189A5500002281 /* z_hooks.c in Sources */ = {isa = PBXBuildFile; fileRef = 1101FA4119189A5500002281 /* z_hooks.c */; };
		1101FA4819189A5500002281 /* z_libpd.c in Sources */ = {isa = PBXBuildFile; fileRef = 1101FA4319189A5500002281 /* z_libpd.c */; };
		1101FA4F19189A6300002281 /* ringbuffer.c in Sources */ = {isa = PBXBuildFile; fileRef = 1101FA4919189A6300002281 /* ringbuffer.c */; };
		1101FA5019189A6300002281 /* z_print_util.c in Sources */ = {isa = PBXBuildFile; fileRef = 1101FA4B19189A6300002281 /* z_print_util.c */; };
		1101FA5119189A6300002281 /* z_queued.c in Sources */ = {isa = PBXBuildFile; fileRef = 1101FA4D19189A6300002281 /* z_queued.c */; };
		1101FA5819189A7600002281 /* PdBase.cpp in Sources */ = {isa = PBXBuildFile; fileRef = 1101FA5219189A7600002281 /* PdBase.cpp */; };
		1101FA5919189A7600002281 /* PdTypes.cpp in Sources */ = {isa = PBXBuildFile; fileRef = 1101FA5619189A7600002281 /* PdTypes.cpp */; };
		1104F5251777C193003EAA2B /* basic.pd in Resources */ = {isa = PBXBuildFile; fileRef = 1104F5231777C193003EAA2B /* basic.pd */; };
		1104F5261777C193003EAA2B /* input.pd in Resources */ = {isa = PBXBuildFile; fileRef = 1104F5241777C193003EAA2B /* input.pd */; };
		111A62D6192DD2ED0024BE66 /* cash_satisfied_mind.mp3 in Resources */ = {isa = PBXBuildFile; fileRef = 111A62D5192DD2ED0024BE66 /* cash_satisfied_mind.mp3 */; };
		14795AE21778C96F002C1218 /* PureDataNode.cpp in Sources */ = {isa = PBXBuildFile; fileRef = 14795AE01778C96F002C1218 /* PureDataNode.cpp */; };
		5323E6B20EAFCA74003A9687 /* CoreVideo.framework in Frameworks */ = {isa = PBXBuildFile; fileRef = 5323E6B10EAFCA74003A9687 /* CoreVideo.framework */; };
		5323E6B60EAFCA7E003A9687 /* QTKit.framework in Frameworks */ = {isa = PBXBuildFile; fileRef = 5323E6B50EAFCA7E003A9687 /* QTKit.framework */; };
		88F896DEA5DE4B86B94B234A /* PureDataTestApp.cpp in Sources */ = {isa = PBXBuildFile; fileRef = 8DFE2D7AB5C84D6AB3C146C5 /* PureDataTestApp.cpp */; };
		8D11072F0486CEB800E47090 /* Cocoa.framework in Frameworks */ = {isa = PBXBuildFile; fileRef = 1058C7A1FEA54F0111CA2CBB /* Cocoa.framework */; };
		C6A954169D8142D08E0D6A08 /* CinderApp.icns in Resources */ = {isa = PBXBuildFile; fileRef = 82184AF89D334B619560B67D /* CinderApp.icns */; };
/* End PBXBuildFile section */

/* Begin PBXFileReference section */
		0091D8F80E81B9330029341E /* OpenGL.framework */ = {isa = PBXFileReference; lastKnownFileType = wrapper.framework; name = OpenGL.framework; path = /System/Library/Frameworks/OpenGL.framework; sourceTree = "<absolute>"; };
		00B784AF0FF439BC000DE1D7 /* Accelerate.framework */ = {isa = PBXFileReference; lastKnownFileType = wrapper.framework; name = Accelerate.framework; path = System/Library/Frameworks/Accelerate.framework; sourceTree = SDKROOT; };
		00B784B00FF439BC000DE1D7 /* AudioToolbox.framework */ = {isa = PBXFileReference; lastKnownFileType = wrapper.framework; name = AudioToolbox.framework; path = System/Library/Frameworks/AudioToolbox.framework; sourceTree = SDKROOT; };
		00B784B10FF439BC000DE1D7 /* AudioUnit.framework */ = {isa = PBXFileReference; lastKnownFileType = wrapper.framework; name = AudioUnit.framework; path = System/Library/Frameworks/AudioUnit.framework; sourceTree = SDKROOT; };
		00B784B20FF439BC000DE1D7 /* CoreAudio.framework */ = {isa = PBXFileReference; lastKnownFileType = wrapper.framework; name = CoreAudio.framework; path = System/Library/Frameworks/CoreAudio.framework; sourceTree = SDKROOT; };
		1058C7A1FEA54F0111CA2CBB /* Cocoa.framework */ = {isa = PBXFileReference; lastKnownFileType = wrapper.framework; name = Cocoa.framework; path = /System/Library/Frameworks/Cocoa.framework; sourceTree = "<absolute>"; };
		1101F9AC19189A3B00002281 /* d_arithmetic.c */ = {isa = PBXFileReference; fileEncoding = 4; lastKnownFileType = sourcecode.c.c; path = d_arithmetic.c; sourceTree = "<group>"; };
		1101F9AD19189A3B00002281 /* d_array.c */ = {isa = PBXFileReference; fileEncoding = 4; lastKnownFileType = sourcecode.c.c; path = d_array.c; sourceTree = "<group>"; };
		1101F9AE19189A3B00002281 /* d_ctl.c */ = {isa = PBXFileReference; fileEncoding = 4; lastKnownFileType = sourcecode.c.c; path = d_ctl.c; sourceTree = "<group>"; };
		1101F9AF19189A3B00002281 /* d_dac.c */ = {isa = PBXFileReference; fileEncoding = 4; lastKnownFileType = sourcecode.c.c; path = d_dac.c; sourceTree = "<group>"; };
		1101F9B019189A3B00002281 /* d_delay.c */ = {isa = PBXFileReference; fileEncoding = 4; lastKnownFileType = sourcecode.c.c; path = d_delay.c; sourceTree = "<group>"; };
		1101F9B119189A3B00002281 /* d_fft_mayer.c */ = {isa = PBXFileReference; fileEncoding = 4; lastKnownFileType = sourcecode.c.c; path = d_fft_mayer.c; sourceTree = "<group>"; };
		1101F9B219189A3B00002281 /* d_fft.c */ = {isa = PBXFileReference; fileEncoding = 4; lastKnownFileType = sourcecode.c.c; path = d_fft.c; sourceTree = "<group>"; };
		1101F9B319189A3B00002281 /* d_fftroutine.c */ = {isa = PBXFileReference; fileEncoding = 4; lastKnownFileType = sourcecode.c.c; path = d_fftroutine.c; sourceTree = "<group>"; };
		1101F9B419189A3B00002281 /* d_fftsg_h.c */ = {isa = PBXFileReference; fileEncoding = 4; lastKnownFileType = sourcecode.c.c; path = d_fftsg_h.c; sourceTree = "<group>"; };
		1101F9B519189A3B00002281 /* d_filter.c */ = {isa = PBXFileReference; fileEncoding = 4; lastKnownFileType = sourcecode.c.c; path = d_filter.c; sourceTree = "<group>"; };
		1101F9B619189A3B00002281 /* d_global.c */ = {isa = PBXFileReference; fileEncoding = 4; lastKnownFileType = sourcecode.c.c; path = d_global.c; sourceTree = "<group>"; };
		1101F9B719189A3B00002281 /* d_math.c */ = {isa = PBXFileReference; fileEncoding = 4; lastKnownFileType = sourcecode.c.c; path = d_math.c; sourceTree = "<group>"; };
		1101F9B819189A3B00002281 /* d_misc.c */ = {isa = PBXFileReference; fileEncoding = 4; lastKnownFileType = sourcecode.c.c; path = d_misc.c; sourceTree = "<group>"; };
		1101F9B919189A3B00002281 /* d_osc.c */ = {isa = PBXFileReference; fileEncoding = 4; lastKnownFileType = sourcecode.c.c; path = d_osc.c; sourceTree = "<group>"; };
		1101F9BA19189A3B00002281 /* d_resample.c */ = {isa = PBXFileReference; fileEncoding = 4; lastKnownFileType = sourcecode.c.c; path = d_resample.c; sourceTree = "<group>"; };
		1101F9BB19189A3B00002281 /* d_soundfile.c */ = {isa = PBXFileReference; fileEncoding = 4; lastKnownFileType = sourcecode.c.c; path = d_soundfile.c; sourceTree = "<group>"; };
		1101F9BC19189A3B00002281 /* d_ugen.c */ = {isa = PBXFileReference; fileEncoding = 4; lastKnownFileType = sourcecode.c.c; path = d_ugen.c; sourceTree = "<group>"; };
		1101F9BD19189A3B00002281 /* g_all_guis.c */ = {isa = PBXFileReference; fileEncoding = 4; lastKnownFileType = sourcecode.c.c; path = g_all_guis.c; sourceTree = "<group>"; };
		1101F9BE19189A3B00002281 /* g_all_guis.h */ = {isa = PBXFileReference; fileEncoding = 4; lastKnownFileType = sourcecode.c.h; path = g_all_guis.h; sourceTree = "<group>"; };
		1101F9BF19189A3B00002281 /* g_array.c */ = {isa = PBXFileReference; fileEncoding = 4; lastKnownFileType = sourcecode.c.c; path = g_array.c; sourceTree = "<group>"; };
		1101F9C019189A3B00002281 /* g_bang.c */ = {isa = PBXFileReference; fileEncoding = 4; lastKnownFileType = sourcecode.c.c; path = g_bang.c; sourceTree = "<group>"; };
		1101F9C119189A3B00002281 /* g_canvas.c */ = {isa = PBXFileReference; fileEncoding = 4; lastKnownFileType = sourcecode.c.c; path = g_canvas.c; sourceTree = "<group>"; };
		1101F9C219189A3B00002281 /* g_canvas.h */ = {isa = PBXFileReference; fileEncoding = 4; lastKnownFileType = sourcecode.c.h; path = g_canvas.h; sourceTree = "<group>"; };
		1101F9C319189A3B00002281 /* g_editor.c */ = {isa = PBXFileReference; fileEncoding = 4; lastKnownFileType = sourcecode.c.c; path = g_editor.c; sourceTree = "<group>"; };
		1101F9C419189A3B00002281 /* g_graph.c */ = {isa = PBXFileReference; fileEncoding = 4; lastKnownFileType = sourcecode.c.c; path = g_graph.c; sourceTree = "<group>"; };
		1101F9C519189A3B00002281 /* g_guiconnect.c */ = {isa = PBXFileReference; fileEncoding = 4; lastKnownFileType = sourcecode.c.c; path = g_guiconnect.c; sourceTree = "<group>"; };
		1101F9C619189A3B00002281 /* g_hdial.c */ = {isa = PBXFileReference; fileEncoding = 4; lastKnownFileType = sourcecode.c.c; path = g_hdial.c; sourceTree = "<group>"; };
		1101F9C719189A3B00002281 /* g_hslider.c */ = {isa = PBXFileReference; fileEncoding = 4; lastKnownFileType = sourcecode.c.c; path = g_hslider.c; sourceTree = "<group>"; };
		1101F9C819189A3B00002281 /* g_io.c */ = {isa = PBXFileReference; fileEncoding = 4; lastKnownFileType = sourcecode.c.c; path = g_io.c; sourceTree = "<group>"; };
		1101F9C919189A3B00002281 /* g_mycanvas.c */ = {isa = PBXFileReference; fileEncoding = 4; lastKnownFileType = sourcecode.c.c; path = g_mycanvas.c; sourceTree = "<group>"; };
		1101F9CA19189A3B00002281 /* g_numbox.c */ = {isa = PBXFileReference; fileEncoding = 4; lastKnownFileType = sourcecode.c.c; path = g_numbox.c; sourceTree = "<group>"; };
		1101F9CB19189A3B00002281 /* g_readwrite.c */ = {isa = PBXFileReference; fileEncoding = 4; lastKnownFileType = sourcecode.c.c; path = g_readwrite.c; sourceTree = "<group>"; };
		1101F9CC19189A3B00002281 /* g_rtext.c */ = {isa = PBXFileReference; fileEncoding = 4; lastKnownFileType = sourcecode.c.c; path = g_rtext.c; sourceTree = "<group>"; };
		1101F9CD19189A3B00002281 /* g_scalar.c */ = {isa = PBXFileReference; fileEncoding = 4; lastKnownFileType = sourcecode.c.c; path = g_scalar.c; sourceTree = "<group>"; };
		1101F9CE19189A3B00002281 /* g_template.c */ = {isa = PBXFileReference; fileEncoding = 4; lastKnownFileType = sourcecode.c.c; path = g_template.c; sourceTree = "<group>"; };
		1101F9CF19189A3B00002281 /* g_text.c */ = {isa = PBXFileReference; fileEncoding = 4; lastKnownFileType = sourcecode.c.c; path = g_text.c; sourceTree = "<group>"; };
		1101F9D019189A3B00002281 /* g_toggle.c */ = {isa = PBXFileReference; fileEncoding = 4; lastKnownFileType = sourcecode.c.c; path = g_toggle.c; sourceTree = "<group>"; };
		1101F9D119189A3B00002281 /* g_traversal.c */ = {isa = PBXFileReference; fileEncoding = 4; lastKnownFileType = sourcecode.c.c; path = g_traversal.c; sourceTree = "<group>"; };
		1101F9D219189A3B00002281 /* g_vdial.c */ = {isa = PBXFileReference; fileEncoding = 4; lastKnownFileType = sourcecode.c.c; path = g_vdial.c; sourceTree = "<group>"; };
		1101F9D319189A3B00002281 /* g_vslider.c */ = {isa = PBXFileReference; fileEncoding = 4; lastKnownFileType = sourcecode.c.c; path = g_vslider.c; sourceTree = "<group>"; };
		1101F9D419189A3B00002281 /* g_vumeter.c */ = {isa = PBXFileReference; fileEncoding = 4; lastKnownFileType = sourcecode.c.c; path = g_vumeter.c; sourceTree = "<group>"; };
		1101F9D519189A3B00002281 /* m_atom.c */ = {isa = PBXFileReference; fileEncoding = 4; lastKnownFileType = sourcecode.c.c; path = m_atom.c; sourceTree = "<group>"; };
		1101F9D619189A3B00002281 /* m_binbuf.c */ = {isa = PBXFileReference; fileEncoding = 4; lastKnownFileType = sourcecode.c.c; path = m_binbuf.c; sourceTree = "<group>"; };
		1101F9D719189A3B00002281 /* m_class.c */ = {isa = PBXFileReference; fileEncoding = 4; lastKnownFileType = sourcecode.c.c; path = m_class.c; sourceTree = "<group>"; };
		1101F9D819189A3B00002281 /* m_conf.c */ = {isa = PBXFileReference; fileEncoding = 4; lastKnownFileType = sourcecode.c.c; path = m_conf.c; sourceTree = "<group>"; };
		1101F9D919189A3B00002281 /* m_glob.c */ = {isa = PBXFileReference; fileEncoding = 4; lastKnownFileType = sourcecode.c.c; path = m_glob.c; sourceTree = "<group>"; };
		1101F9DA19189A3B00002281 /* m_imp.h */ = {isa = PBXFileReference; fileEncoding = 4; lastKnownFileType = sourcecode.c.h; path = m_imp.h; sourceTree = "<group>"; };
		1101F9DB19189A3B00002281 /* m_memory.c */ = {isa = PBXFileReference; fileEncoding = 4; lastKnownFileType = sourcecode.c.c; path = m_memory.c; sourceTree = "<group>"; };
		1101F9DC19189A3B00002281 /* m_obj.c */ = {isa = PBXFileReference; fileEncoding = 4; lastKnownFileType = sourcecode.c.c; path = m_obj.c; sourceTree = "<group>"; };
		1101F9DD19189A3B00002281 /* m_pd.c */ = {isa = PBXFileReference; fileEncoding = 4; lastKnownFileType = sourcecode.c.c; path = m_pd.c; sourceTree = "<group>"; };
		1101F9DE19189A3B00002281 /* m_pd.h */ = {isa = PBXFileReference; fileEncoding = 4; lastKnownFileType = sourcecode.c.h; path = m_pd.h; sourceTree = "<group>"; };
		1101F9DF19189A3B00002281 /* m_sched.c */ = {isa = PBXFileReference; fileEncoding = 4; lastKnownFileType = sourcecode.c.c; path = m_sched.c; sourceTree = "<group>"; };
		1101F9E019189A3B00002281 /* s_audio_dummy.c */ = {isa = PBXFileReference; fileEncoding = 4; lastKnownFileType = sourcecode.c.c; path = s_audio_dummy.c; sourceTree = "<group>"; };
		1101F9E119189A3B00002281 /* s_audio.c */ = {isa = PBXFileReference; fileEncoding = 4; lastKnownFileType = sourcecode.c.c; path = s_audio.c; sourceTree = "<group>"; };
		1101F9E219189A3B00002281 /* s_file.c */ = {isa = PBXFileReference; fileEncoding = 4; lastKnownFileType = sourcecode.c.c; path = s_file.c; sourceTree = "<group>"; };
		1101F9E319189A3B00002281 /* s_inter.c */ = {isa = PBXFileReference; fileEncoding = 4; lastKnownFileType = sourcecode.c.c; path = s_inter.c; sourceTree = "<group>"; };
		1101F9E419189A3B00002281 /* s_loader.c */ = {isa = PBXFileReference; fileEncoding = 4; lastKnownFileType = sourcecode.c.c; path = s_loader.c; sourceTree = "<group>"; };
		1101F9E519189A3B00002281 /* s_main.c */ = {isa = PBXFileReference; fileEncoding = 4; lastKnownFileType = sourcecode.c.c; path = s_main.c; sourceTree = "<group>"; };
		1101F9E619189A3B00002281 /* s_path.c */ = {isa = PBXFileReference; fileEncoding = 4; lastKnownFileType = sourcecode.c.c; path = s_path.c; sourceTree = "<group>"; };
		1101F9E719189A3B00002281 /* s_print.c */ = {isa = PBXFileReference; fileEncoding = 4; lastKnownFileType = sourcecode.c.c; path = s_print.c; sourceTree = "<group>"; };
		1101F9E819189A3B00002281 /* s_stuff.h */ = {isa = PBXFileReference; fileEncoding = 4; lastKnownFileType = sourcecode.c.h; path = s_stuff.h; sourceTree = "<group>"; };
		1101F9E919189A3B00002281 /* s_utf8.c */ = {isa = PBXFileReference; fileEncoding = 4; lastKnownFileType = sourcecode.c.c; path = s_utf8.c; sourceTree = "<group>"; };
		1101F9EA19189A3B00002281 /* s_utf8.h */ = {isa = PBXFileReference; fileEncoding = 4; lastKnownFileType = sourcecode.c.h; path = s_utf8.h; sourceTree = "<group>"; };
		1101F9EB19189A3B00002281 /* x_acoustics.c */ = {isa = PBXFileReference; fileEncoding = 4; lastKnownFileType = sourcecode.c.c; path = x_acoustics.c; sourceTree = "<group>"; };
		1101F9EC19189A3B00002281 /* x_arithmetic.c */ = {isa = PBXFileReference; fileEncoding = 4; lastKnownFileType = sourcecode.c.c; path = x_arithmetic.c; sourceTree = "<group>"; };
		1101F9ED19189A3B00002281 /* x_array.c */ = {isa = PBXFileReference; fileEncoding = 4; lastKnownFileType = sourcecode.c.c; path = x_array.c; sourceTree = "<group>"; };
		1101F9EE19189A3B00002281 /* x_connective.c */ = {isa = PBXFileReference; fileEncoding = 4; lastKnownFileType = sourcecode.c.c; path = x_connective.c; sourceTree = "<group>"; };
		1101F9EF19189A3B00002281 /* x_gui.c */ = {isa = PBXFileReference; fileEncoding = 4; lastKnownFileType = sourcecode.c.c; path = x_gui.c; sourceTree = "<group>"; };
		1101F9F019189A3B00002281 /* x_interface.c */ = {isa = PBXFileReference; fileEncoding = 4; lastKnownFileType = sourcecode.c.c; path = x_interface.c; sourceTree = "<group>"; };
		1101F9F119189A3B00002281 /* x_list.c */ = {isa = PBXFileReference; fileEncoding = 4; lastKnownFileType = sourcecode.c.c; path = x_list.c; sourceTree = "<group>"; };
		1101F9F219189A3B00002281 /* x_midi.c */ = {isa = PBXFileReference; fileEncoding = 4; lastKnownFileType = sourcecode.c.c; path = x_midi.c; sourceTree = "<group>"; };
		1101F9F319189A3B00002281 /* x_misc.c */ = {isa = PBXFileReference; fileEncoding = 4; lastKnownFileType = sourcecode.c.c; path = x_misc.c; sourceTree = "<group>"; };
		1101F9F419189A3B00002281 /* x_net.c */ = {isa = PBXFileReference; fileEncoding = 4; lastKnownFileType = sourcecode.c.c; path = x_net.c; sourceTree = "<group>"; };
		1101F9F519189A3B00002281 /* x_scalar.c */ = {isa = PBXFileReference; fileEncoding = 4; lastKnownFileType = sourcecode.c.c; path = x_scalar.c; sourceTree = "<group>"; };
		1101F9F619189A3B00002281 /* x_text.c */ = {isa = PBXFileReference; fileEncoding = 4; lastKnownFileType = sourcecode.c.c; path = x_text.c; sourceTree = "<group>"; };
		1101F9F719189A3B00002281 /* x_time.c */ = {isa = PBXFileReference; fileEncoding = 4; lastKnownFileType = sourcecode.c.c; path = x_time.c; sourceTree = "<group>"; };
		1101FA3E19189A5500002281 /* s_libpdmidi.c */ = {isa = PBXFileReference; fileEncoding = 4; lastKnownFileType = sourcecode.c.c; path = s_libpdmidi.c; sourceTree = "<group>"; };
		1101FA3F19189A5500002281 /* x_libpdreceive.c */ = {isa = PBXFileReference; fileEncoding = 4; lastKnownFileType = sourcecode.c.c; path = x_libpdreceive.c; sourceTree = "<group>"; };
		1101FA4019189A5500002281 /* x_libpdreceive.h */ = {isa = PBXFileReference; fileEncoding = 4; lastKnownFileType = sourcecode.c.h; path = x_libpdreceive.h; sourceTree = "<group>"; };
		1101FA4119189A5500002281 /* z_hooks.c */ = {isa = PBXFileReference; fileEncoding = 4; lastKnownFileType = sourcecode.c.c; path = z_hooks.c; sourceTree = "<group>"; };
		1101FA4219189A5500002281 /* z_hooks.h */ = {isa = PBXFileReference; fileEncoding = 4; lastKnownFileType = sourcecode.c.h; path = z_hooks.h; sourceTree = "<group>"; };
		1101FA4319189A5500002281 /* z_libpd.c */ = {isa = PBXFileReference; fileEncoding = 4; lastKnownFileType = sourcecode.c.c; path = z_libpd.c; sourceTree = "<group>"; };
		1101FA4419189A5500002281 /* z_libpd.h */ = {isa = PBXFileReference; fileEncoding = 4; lastKnownFileType = sourcecode.c.h; path = z_libpd.h; sourceTree = "<group>"; };
		1101FA4919189A6300002281 /* ringbuffer.c */ = {isa = PBXFileReference; fileEncoding = 4; lastKnownFileType = sourcecode.c.c; path = ringbuffer.c; sourceTree = "<group>"; };
		1101FA4A19189A6300002281 /* ringbuffer.h */ = {isa = PBXFileReference; fileEncoding = 4; lastKnownFileType = sourcecode.c.h; path = ringbuffer.h; sourceTree = "<group>"; };
		1101FA4B19189A6300002281 /* z_print_util.c */ = {isa = PBXFileReference; fileEncoding = 4; lastKnownFileType = sourcecode.c.c; path = z_print_util.c; sourceTree = "<group>"; };
		1101FA4C19189A6300002281 /* z_print_util.h */ = {isa = PBXFileReference; fileEncoding = 4; lastKnownFileType = sourcecode.c.h; path = z_print_util.h; sourceTree = "<group>"; };
		1101FA4D19189A6300002281 /* z_queued.c */ = {isa = PBXFileReference; fileEncoding = 4; lastKnownFileType = sourcecode.c.c; path = z_queued.c; sourceTree = "<group>"; };
		1101FA4E19189A6300002281 /* z_queued.h */ = {isa = PBXFileReference; fileEncoding = 4; lastKnownFileType = sourcecode.c.h; path = z_queued.h; sourceTree = "<group>"; };
		1101FA5219189A7600002281 /* PdBase.cpp */ = {isa = PBXFileReference; fileEncoding = 4; lastKnownFileType = sourcecode.cpp.cpp; path = PdBase.cpp; sourceTree = "<group>"; };
		1101FA5319189A7600002281 /* PdBase.hpp */ = {isa = PBXFileReference; fileEncoding = 4; lastKnownFileType = sourcecode.cpp.h; path = PdBase.hpp; sourceTree = "<group>"; };
		1101FA5419189A7600002281 /* PdMidiReceiver.hpp */ = {isa = PBXFileReference; fileEncoding = 4; lastKnownFileType = sourcecode.cpp.h; path = PdMidiReceiver.hpp; sourceTree = "<group>"; };
		1101FA5519189A7600002281 /* PdReceiver.hpp */ = {isa = PBXFileReference; fileEncoding = 4; lastKnownFileType = sourcecode.cpp.h; path = PdReceiver.hpp; sourceTree = "<group>"; };
		1101FA5619189A7600002281 /* PdTypes.cpp */ = {isa = PBXFileReference; fileEncoding = 4; lastKnownFileType = sourcecode.cpp.cpp; path = PdTypes.cpp; sourceTree = "<group>"; };
		1101FA5719189A7600002281 /* PdTypes.hpp */ = {isa = PBXFileReference; fileEncoding = 4; lastKnownFileType = sourcecode.cpp.h; path = PdTypes.hpp; sourceTree = "<group>"; };
		1104F5231777C193003EAA2B /* basic.pd */ = {isa = PBXFileReference; fileEncoding = 4; lastKnownFileType = text; name = basic.pd; path = ../resources/basic.pd; sourceTree = "<group>"; };
		1104F5241777C193003EAA2B /* input.pd */ = {isa = PBXFileReference; fileEncoding = 4; lastKnownFileType = text; name = input.pd; path = ../resources/input.pd; sourceTree = "<group>"; };
		111A62D5192DD2ED0024BE66 /* cash_satisfied_mind.mp3 */ = {isa = PBXFileReference; lastKnownFileType = audio.mp3; name = cash_satisfied_mind.mp3; path = ../../../data/cash_satisfied_mind.mp3; sourceTree = "<group>"; };
		14795AE01778C96F002C1218 /* PureDataNode.cpp */ = {isa = PBXFileReference; fileEncoding = 4; lastKnownFileType = sourcecode.cpp.cpp; name = PureDataNode.cpp; path = ../../../src/PureDataNode.cpp; sourceTree = "<group>"; };
		14795AE11778C96F002C1218 /* PureDataNode.h */ = {isa = PBXFileReference; fileEncoding = 4; lastKnownFileType = sourcecode.c.h; name = PureDataNode.h; path = ../../../src/PureDataNode.h; sourceTree = "<group>"; };
		29B97324FDCFA39411CA2CEA /* AppKit.framework */ = {isa = PBXFileReference; lastKnownFileType = wrapper.framework; name = AppKit.framework; path = /System/Library/Frameworks/AppKit.framework; sourceTree = "<absolute>"; };
		29B97325FDCFA39411CA2CEA /* Foundation.framework */ = {isa = PBXFileReference; lastKnownFileType = wrapper.framework; name = Foundation.framework; path = /System/Library/Frameworks/Foundation.framework; sourceTree = "<absolute>"; };
		5323E6B10EAFCA74003A9687 /* CoreVideo.framework */ = {isa = PBXFileReference; lastKnownFileType = wrapper.framework; name = CoreVideo.framework; path = /System/Library/Frameworks/CoreVideo.framework; sourceTree = "<absolute>"; };
		5323E6B50EAFCA7E003A9687 /* QTKit.framework */ = {isa = PBXFileReference; lastKnownFileType = wrapper.framework; name = QTKit.framework; path = /System/Library/Frameworks/QTKit.framework; sourceTree = "<absolute>"; };
		82184AF89D334B619560B67D /* CinderApp.icns */ = {isa = PBXFileReference; lastKnownFileType = image.icns; name = CinderApp.icns; path = ../resources/CinderApp.icns; sourceTree = "<group>"; };
		8D1107320486CEB800E47090 /* PdTest.app */ = {isa = PBXFileReference; explicitFileType = wrapper.application; includeInIndex = 0; path = PdTest.app; sourceTree = BUILT_PRODUCTS_DIR; };
		8DFE2D7AB5C84D6AB3C146C5 /* PureDataTestApp.cpp */ = {isa = PBXFileReference; lastKnownFileType = sourcecode.cpp.cpp; name = PureDataTestApp.cpp; path = ../src/PureDataTestApp.cpp; sourceTree = "<group>"; };
		A7C8A59CD38C412080CF3F5C /* Info.plist */ = {isa = PBXFileReference; lastKnownFileType = text.plist.xml; path = Info.plist; sourceTree = "<group>"; };
		D393B2CE6BBC4A2AA821F85E /* Resources.h */ = {isa = PBXFileReference; lastKnownFileType = sourcecode.c.h; name = Resources.h; path = ../include/Resources.h; sourceTree = "<group>"; };
		DD5C27A5510345E19F345C2C /* PdTest_Prefix.pch */ = {isa = PBXFileReference; lastKnownFileType = "\"\""; path = PdTest_Prefix.pch; sourceTree = "<group>"; };
/* End PBXFileReference section */

/* Begin PBXFrameworksBuildPhase section */
		8D11072E0486CEB800E47090 /* Frameworks */ = {
			isa = PBXFrameworksBuildPhase;
			buildActionMask = 2147483647;
			files = (
				8D11072F0486CEB800E47090 /* Cocoa.framework in Frameworks */,
				0091D8F90E81B9330029341E /* OpenGL.framework in Frameworks */,
				5323E6B20EAFCA74003A9687 /* CoreVideo.framework in Frameworks */,
				5323E6B60EAFCA7E003A9687 /* QTKit.framework in Frameworks */,
				00B784B30FF439BC000DE1D7 /* Accelerate.framework in Frameworks */,
				00B784B40FF439BC000DE1D7 /* AudioToolbox.framework in Frameworks */,
				00B784B50FF439BC000DE1D7 /* AudioUnit.framework in Frameworks */,
				00B784B60FF439BC000DE1D7 /* CoreAudio.framework in Frameworks */,
			);
			runOnlyForDeploymentPostprocessing = 0;
		};
/* End PBXFrameworksBuildPhase section */

/* Begin PBXGroup section */
		01B97315FEAEA392516A2CEA /* Blocks */ = {
			isa = PBXGroup;
			children = (
				11CD5380195437BA00F1C962 /* PureDataNode */,
			);
			name = Blocks;
			sourceTree = "<group>";
		};
		080E96DDFE201D6D7F000001 /* Source */ = {
			isa = PBXGroup;
			children = (
				8DFE2D7AB5C84D6AB3C146C5 /* PureDataTestApp.cpp */,
			);
			name = Source;
			sourceTree = "<group>";
		};
		1058C7A0FEA54F0111CA2CBB /* Linked Frameworks */ = {
			isa = PBXGroup;
			children = (
				00B784AF0FF439BC000DE1D7 /* Accelerate.framework */,
				00B784B00FF439BC000DE1D7 /* AudioToolbox.framework */,
				00B784B10FF439BC000DE1D7 /* AudioUnit.framework */,
				00B784B20FF439BC000DE1D7 /* CoreAudio.framework */,
				5323E6B50EAFCA7E003A9687 /* QTKit.framework */,
				5323E6B10EAFCA74003A9687 /* CoreVideo.framework */,
				0091D8F80E81B9330029341E /* OpenGL.framework */,
				1058C7A1FEA54F0111CA2CBB /* Cocoa.framework */,
			);
			name = "Linked Frameworks";
			sourceTree = "<group>";
		};
		1058C7A2FEA54F0111CA2CBB /* Other Frameworks */ = {
			isa = PBXGroup;
			children = (
				29B97324FDCFA39411CA2CEA /* AppKit.framework */,
				29B97325FDCFA39411CA2CEA /* Foundation.framework */,
			);
			name = "Other Frameworks";
			sourceTree = "<group>";
		};
		1114857E1773FEDD00B3578B /* libpd */ = {
			isa = PBXGroup;
			children = (
				1114857F1773FEEB00B3578B /* cpp */,
				111485871773FEEB00B3578B /* libpd_wrapper */,
				111485961773FEEB00B3578B /* pure-data */,
			);
			name = libpd;
			sourceTree = "<group>";
		};
		1114857F1773FEEB00B3578B /* cpp */ = {
			isa = PBXGroup;
			children = (
				1101FA5219189A7600002281 /* PdBase.cpp */,
				1101FA5319189A7600002281 /* PdBase.hpp */,
				1101FA5419189A7600002281 /* PdMidiReceiver.hpp */,
				1101FA5519189A7600002281 /* PdReceiver.hpp */,
				1101FA5619189A7600002281 /* PdTypes.cpp */,
				1101FA5719189A7600002281 /* PdTypes.hpp */,
			);
			name = cpp;
			path = ../../../libpd/cpp;
			sourceTree = "<group>";
		};
		111485871773FEEB00B3578B /* libpd_wrapper */ = {
			isa = PBXGroup;
			children = (
				111485891773FEEB00B3578B /* util */,
				1101FA3E19189A5500002281 /* s_libpdmidi.c */,
				1101FA3F19189A5500002281 /* x_libpdreceive.c */,
				1101FA4019189A5500002281 /* x_libpdreceive.h */,
				1101FA4119189A5500002281 /* z_hooks.c */,
				1101FA4219189A5500002281 /* z_hooks.h */,
				1101FA4319189A5500002281 /* z_libpd.c */,
				1101FA4419189A5500002281 /* z_libpd.h */,
			);
			name = libpd_wrapper;
			path = ../../../libpd/libpd_wrapper;
			sourceTree = "<group>";
		};
		111485891773FEEB00B3578B /* util */ = {
			isa = PBXGroup;
			children = (
				1101FA4919189A6300002281 /* ringbuffer.c */,
				1101FA4A19189A6300002281 /* ringbuffer.h */,
				1101FA4B19189A6300002281 /* z_print_util.c */,
				1101FA4C19189A6300002281 /* z_print_util.h */,
				1101FA4D19189A6300002281 /* z_queued.c */,
				1101FA4E19189A6300002281 /* z_queued.h */,
			);
			path = util;
			sourceTree = "<group>";
		};
		111485961773FEEB00B3578B /* pure-data */ = {
			isa = PBXGroup;
			children = (
				111485B81773FEEB00B3578B /* src */,
			);
			name = "pure-data";
			path = "../../../libpd/pure-data";
			sourceTree = "<group>";
		};
		111485B81773FEEB00B3578B /* src */ = {
			isa = PBXGroup;
			children = (
				1101F9AC19189A3B00002281 /* d_arithmetic.c */,
				1101F9AD19189A3B00002281 /* d_array.c */,
				1101F9AE19189A3B00002281 /* d_ctl.c */,
				1101F9AF19189A3B00002281 /* d_dac.c */,
				1101F9B019189A3B00002281 /* d_delay.c */,
				1101F9B119189A3B00002281 /* d_fft_mayer.c */,
				1101F9B219189A3B00002281 /* d_fft.c */,
				1101F9B319189A3B00002281 /* d_fftroutine.c */,
				1101F9B419189A3B00002281 /* d_fftsg_h.c */,
				1101F9B519189A3B00002281 /* d_filter.c */,
				1101F9B619189A3B00002281 /* d_global.c */,
				1101F9B719189A3B00002281 /* d_math.c */,
				1101F9B819189A3B00002281 /* d_misc.c */,
				1101F9B919189A3B00002281 /* d_osc.c */,
				1101F9BA19189A3B00002281 /* d_resample.c */,
				1101F9BB19189A3B00002281 /* d_soundfile.c */,
				1101F9BC19189A3B00002281 /* d_ugen.c */,
				1101F9BD19189A3B00002281 /* g_all_guis.c */,
				1101F9BE19189A3B00002281 /* g_all_guis.h */,
				1101F9BF19189A3B00002281 /* g_array.c */,
				1101F9C019189A3B00002281 /* g_bang.c */,
				1101F9C119189A3B00002281 /* g_canvas.c */,
				1101F9C219189A3B00002281 /* g_canvas.h */,
				1101F9C319189A3B00002281 /* g_editor.c */,
				1101F9C419189A3B00002281 /* g_graph.c */,
				1101F9C519189A3B00002281 /* g_guiconnect.c */,
				1101F9C619189A3B00002281 /* g_hdial.c */,
				1101F9C719189A3B00002281 /* g_hslider.c */,
				1101F9C819189A3B00002281 /* g_io.c */,
				1101F9C919189A3B00002281 /* g_mycanvas.c */,
				1101F9CA19189A3B00002281 /* g_numbox.c */,
				1101F9CB19189A3B00002281 /* g_readwrite.c */,
				1101F9CC19189A3B00002281 /* g_rtext.c */,
				1101F9CD19189A3B00002281 /* g_scalar.c */,
				1101F9CE19189A3B00002281 /* g_template.c */,
				1101F9CF19189A3B00002281 /* g_text.c */,
				1101F9D019189A3B00002281 /* g_toggle.c */,
				1101F9D119189A3B00002281 /* g_traversal.c */,
				1101F9D219189A3B00002281 /* g_vdial.c */,
				1101F9D319189A3B00002281 /* g_vslider.c */,
				1101F9D419189A3B00002281 /* g_vumeter.c */,
				1101F9D519189A3B00002281 /* m_atom.c */,
				1101F9D619189A3B00002281 /* m_binbuf.c */,
				1101F9D719189A3B00002281 /* m_class.c */,
				1101F9D819189A3B00002281 /* m_conf.c */,
				1101F9D919189A3B00002281 /* m_glob.c */,
				1101F9DA19189A3B00002281 /* m_imp.h */,
				1101F9DB19189A3B00002281 /* m_memory.c */,
				1101F9DC19189A3B00002281 /* m_obj.c */,
				1101F9DD19189A3B00002281 /* m_pd.c */,
				1101F9DE19189A3B00002281 /* m_pd.h */,
				1101F9DF19189A3B00002281 /* m_sched.c */,
				1101F9E019189A3B00002281 /* s_audio_dummy.c */,
				1101F9E119189A3B00002281 /* s_audio.c */,
				1101F9E219189A3B00002281 /* s_file.c */,
				1101F9E319189A3B00002281 /* s_inter.c */,
				1101F9E419189A3B00002281 /* s_loader.c */,
				1101F9E519189A3B00002281 /* s_main.c */,
				1101F9E619189A3B00002281 /* s_path.c */,
				1101F9E719189A3B00002281 /* s_print.c */,
				1101F9E819189A3B00002281 /* s_stuff.h */,
				1101F9E919189A3B00002281 /* s_utf8.c */,
				1101F9EA19189A3B00002281 /* s_utf8.h */,
				1101F9EB19189A3B00002281 /* x_acoustics.c */,
				1101F9EC19189A3B00002281 /* x_arithmetic.c */,
				1101F9ED19189A3B00002281 /* x_array.c */,
				1101F9EE19189A3B00002281 /* x_connective.c */,
				1101F9EF19189A3B00002281 /* x_gui.c */,
				1101F9F019189A3B00002281 /* x_interface.c */,
				1101F9F119189A3B00002281 /* x_list.c */,
				1101F9F219189A3B00002281 /* x_midi.c */,
				1101F9F319189A3B00002281 /* x_misc.c */,
				1101F9F419189A3B00002281 /* x_net.c */,
				1101F9F519189A3B00002281 /* x_scalar.c */,
				1101F9F619189A3B00002281 /* x_text.c */,
				1101F9F719189A3B00002281 /* x_time.c */,
			);
			path = src;
			sourceTree = "<group>";
		};
		11CD5380195437BA00F1C962 /* PureDataNode */ = {
			isa = PBXGroup;
			children = (
				11CD5381195437C600F1C962 /* src */,
				1114857E1773FEDD00B3578B /* libpd */,
			);
			name = PureDataNode;
			sourceTree = "<group>";
		};
		11CD5381195437C600F1C962 /* src */ = {
			isa = PBXGroup;
			children = (
				14795AE11778C96F002C1218 /* PureDataNode.h */,
				14795AE01778C96F002C1218 /* PureDataNode.cpp */,
			);
			name = src;
			sourceTree = "<group>";
		};
		19C28FACFE9D520D11CA2CBB /* Products */ = {
			isa = PBXGroup;
			children = (
				8D1107320486CEB800E47090 /* PdTest.app */,
			);
			name = Products;
			sourceTree = "<group>";
		};
		29B97314FDCFA39411CA2CEA /* PdTest */ = {
			isa = PBXGroup;
			children = (
				01B97315FEAEA392516A2CEA /* Blocks */,
				29B97315FDCFA39411CA2CEA /* Headers */,
				080E96DDFE201D6D7F000001 /* Source */,
				29B97317FDCFA39411CA2CEA /* Resources */,
				29B97323FDCFA39411CA2CEA /* Frameworks */,
				19C28FACFE9D520D11CA2CBB /* Products */,
			);
			name = PdTest;
			sourceTree = "<group>";
		};
		29B97315FDCFA39411CA2CEA /* Headers */ = {
			isa = PBXGroup;
			children = (
				D393B2CE6BBC4A2AA821F85E /* Resources.h */,
				DD5C27A5510345E19F345C2C /* PdTest_Prefix.pch */,
			);
			name = Headers;
			sourceTree = "<group>";
		};
		29B97317FDCFA39411CA2CEA /* Resources */ = {
			isa = PBXGroup;
			children = (
				111A62D5192DD2ED0024BE66 /* cash_satisfied_mind.mp3 */,
				1104F5231777C193003EAA2B /* basic.pd */,
				1104F5241777C193003EAA2B /* input.pd */,
				82184AF89D334B619560B67D /* CinderApp.icns */,
				A7C8A59CD38C412080CF3F5C /* Info.plist */,
			);
			name = Resources;
			sourceTree = "<group>";
		};
		29B97323FDCFA39411CA2CEA /* Frameworks */ = {
			isa = PBXGroup;
			children = (
				1058C7A0FEA54F0111CA2CBB /* Linked Frameworks */,
				1058C7A2FEA54F0111CA2CBB /* Other Frameworks */,
			);
			name = Frameworks;
			sourceTree = "<group>";
		};
/* End PBXGroup section */

/* Begin PBXNativeTarget section */
		8D1107260486CEB800E47090 /* PdTest */ = {
			isa = PBXNativeTarget;
			buildConfigurationList = C01FCF4A08A954540054247B /* Build configuration list for PBXNativeTarget "PdTest" */;
			buildPhases = (
				8D1107290486CEB800E47090 /* Resources */,
				8D11072C0486CEB800E47090 /* Sources */,
				8D11072E0486CEB800E47090 /* Frameworks */,
			);
			buildRules = (
			);
			dependencies = (
			);
			name = PdTest;
			productInstallPath = "$(HOME)/Applications";
			productName = PdTest;
			productReference = 8D1107320486CEB800E47090 /* PdTest.app */;
			productType = "com.apple.product-type.application";
		};
/* End PBXNativeTarget section */

/* Begin PBXProject section */
		29B97313FDCFA39411CA2CEA /* Project object */ = {
			isa = PBXProject;
			attributes = {
			};
			buildConfigurationList = C01FCF4E08A954540054247B /* Build configuration list for PBXProject "PdTest" */;
			compatibilityVersion = "Xcode 3.2";
			developmentRegion = English;
			hasScannedForEncodings = 1;
			knownRegions = (
				English,
				Japanese,
				French,
				German,
			);
			mainGroup = 29B97314FDCFA39411CA2CEA /* PdTest */;
			projectDirPath = "";
			projectRoot = "";
			targets = (
				8D1107260486CEB800E47090 /* PdTest */,
			);
		};
/* End PBXProject section */

/* Begin PBXResourcesBuildPhase section */
		8D1107290486CEB800E47090 /* Resources */ = {
			isa = PBXResourcesBuildPhase;
			buildActionMask = 2147483647;
			files = (
				1104F5261777C193003EAA2B /* input.pd in Resources */,
				1104F5251777C193003EAA2B /* basic.pd in Resources */,
				111A62D6192DD2ED0024BE66 /* cash_satisfied_mind.mp3 in Resources */,
				C6A954169D8142D08E0D6A08 /* CinderApp.icns in Resources */,
			);
			runOnlyForDeploymentPostprocessing = 0;
		};
/* End PBXResourcesBuildPhase section */

/* Begin PBXSourcesBuildPhase section */
		8D11072C0486CEB800E47090 /* Sources */ = {
			isa = PBXSourcesBuildPhase;
			buildActionMask = 2147483647;
			files = (
				1101FA2D19189A3B00002281 /* s_main.c in Sources */,
				1101FA0419189A3B00002281 /* d_misc.c in Sources */,
				1101FA0A19189A3B00002281 /* g_array.c in Sources */,
				88F896DEA5DE4B86B94B234A /* PureDataTestApp.cpp in Sources */,
				1101FA0219189A3B00002281 /* d_global.c in Sources */,
				1101FA1E19189A3B00002281 /* g_vumeter.c in Sources */,
				1101FA0719189A3B00002281 /* d_soundfile.c in Sources */,
				1101FA3219189A3B00002281 /* x_arithmetic.c in Sources */,
				1101FA2219189A3B00002281 /* m_conf.c in Sources */,
				1101FA2419189A3B00002281 /* m_memory.c in Sources */,
				1101FA0319189A3B00002281 /* d_math.c in Sources */,
				1101FA3419189A3B00002281 /* x_connective.c in Sources */,
				1101FA0919189A3B00002281 /* g_all_guis.c in Sources */,
				1101FA4619189A5500002281 /* x_libpdreceive.c in Sources */,
				1101F9FD19189A3B00002281 /* d_fft_mayer.c in Sources */,
				1101FA2F19189A3B00002281 /* s_print.c in Sources */,
				1101F9FA19189A3B00002281 /* d_ctl.c in Sources */,
				1101FA5019189A6300002281 /* z_print_util.c in Sources */,
				1101FA1419189A3B00002281 /* g_numbox.c in Sources */,
				1101FA3A19189A3B00002281 /* x_net.c in Sources */,
				1101FA1019189A3B00002281 /* g_hdial.c in Sources */,
				1101FA2719189A3B00002281 /* m_sched.c in Sources */,
				1101FA3D19189A3B00002281 /* x_time.c in Sources */,
				1101FA1519189A3B00002281 /* g_readwrite.c in Sources */,
				1101FA1219189A3B00002281 /* g_io.c in Sources */,
				1101FA1C19189A3B00002281 /* g_vdial.c in Sources */,
				1101FA0D19189A3B00002281 /* g_editor.c in Sources */,
				1101FA2319189A3B00002281 /* m_glob.c in Sources */,
				1101FA3519189A3B00002281 /* x_gui.c in Sources */,
				1101FA5919189A7600002281 /* PdTypes.cpp in Sources */,
				1101FA3719189A3B00002281 /* x_list.c in Sources */,
				1101F9F819189A3B00002281 /* d_arithmetic.c in Sources */,
				1101FA0819189A3B00002281 /* d_ugen.c in Sources */,
				1101FA2E19189A3B00002281 /* s_path.c in Sources */,
				1101FA1A19189A3B00002281 /* g_toggle.c in Sources */,
				1101FA2919189A3B00002281 /* s_audio.c in Sources */,
				1101FA1319189A3B00002281 /* g_mycanvas.c in Sources */,
				1101FA1B19189A3B00002281 /* g_traversal.c in Sources */,
				1101FA4719189A5500002281 /* z_hooks.c in Sources */,
				1101F9FE19189A3B00002281 /* d_fft.c in Sources */,
				1101FA1819189A3B00002281 /* g_template.c in Sources */,
				1101FA0E19189A3B00002281 /* g_graph.c in Sources */,
				1101FA3019189A3B00002281 /* s_utf8.c in Sources */,
				1101FA5819189A7600002281 /* PdBase.cpp in Sources */,
				1101FA1619189A3B00002281 /* g_rtext.c in Sources */,
				1101FA2C19189A3B00002281 /* s_loader.c in Sources */,
				1101FA2819189A3B00002281 /* s_audio_dummy.c in Sources */,
				1101FA1D19189A3B00002281 /* g_vslider.c in Sources */,
				1101FA4F19189A6300002281 /* ringbuffer.c in Sources */,
				1101FA0119189A3B00002281 /* d_filter.c in Sources */,
				1101FA1119189A3B00002281 /* g_hslider.c in Sources */,
				1101F9F919189A3B00002281 /* d_array.c in Sources */,
				1101FA0019189A3B00002281 /* d_fftsg_h.c in Sources */,
				1101FA0519189A3B00002281 /* d_osc.c in Sources */,
				1101FA3C19189A3B00002281 /* x_text.c in Sources */,
				14795AE21778C96F002C1218 /* PureDataNode.cpp in Sources */,
				1101FA2B19189A3B00002281 /* s_inter.c in Sources */,
				1101FA2619189A3B00002281 /* m_pd.c in Sources */,
				1101FA1919189A3B00002281 /* g_text.c in Sources */,
				1101FA3919189A3B00002281 /* x_misc.c in Sources */,
				1101FA4519189A5500002281 /* s_libpdmidi.c in Sources */,
				1101FA3619189A3B00002281 /* x_interface.c in Sources */,
				1101FA3B19189A3B00002281 /* x_scalar.c in Sources */,
				1101FA1F19189A3B00002281 /* m_atom.c in Sources */,
				1101FA3119189A3B00002281 /* x_acoustics.c in Sources */,
				1101FA2019189A3B00002281 /* m_binbuf.c in Sources */,
				1101F9FF19189A3B00002281 /* d_fftroutine.c in Sources */,
				1101FA0F19189A3B00002281 /* g_guiconnect.c in Sources */,
				1101FA3819189A3B00002281 /* x_midi.c in Sources */,
				1101FA3319189A3B00002281 /* x_array.c in Sources */,
				1101FA0619189A3B00002281 /* d_resample.c in Sources */,
				1101FA2519189A3B00002281 /* m_obj.c in Sources */,
				1101F9FC19189A3B00002281 /* d_delay.c in Sources */,
				1101F9FB19189A3B00002281 /* d_dac.c in Sources */,
				1101FA1719189A3B00002281 /* g_scalar.c in Sources */,
				1101FA5119189A6300002281 /* z_queued.c in Sources */,
				1101FA0C19189A3B00002281 /* g_canvas.c in Sources */,
				1101FA2A19189A3B00002281 /* s_file.c in Sources */,
				1101FA2119189A3B00002281 /* m_class.c in Sources */,
				1101FA4819189A5500002281 /* z_libpd.c in Sources */,
				1101FA0B19189A3B00002281 /* g_bang.c in Sources */,
			);
			runOnlyForDeploymentPostprocessing = 0;
		};
/* End PBXSourcesBuildPhase section */

/* Begin XCBuildConfiguration section */
		C01FCF4B08A954540054247B /* Debug */ = {
			isa = XCBuildConfiguration;
			buildSettings = {
				COMBINE_HIDPI_IMAGES = YES;
				COPY_PHASE_STRIP = NO;
				DEAD_CODE_STRIPPING = YES;
				GCC_DYNAMIC_NO_PIC = NO;
				GCC_INLINES_ARE_PRIVATE_EXTERN = YES;
				GCC_OPTIMIZATION_LEVEL = 0;
				GCC_PRECOMPILE_PREFIX_HEADER = YES;
				GCC_PREFIX_HEADER = PdTest_Prefix.pch;
				GCC_PREPROCESSOR_DEFINITIONS = "$(inherited)";
				GCC_SYMBOLS_PRIVATE_EXTERN = NO;
				INFOPLIST_FILE = Info.plist;
				INSTALL_PATH = "$(HOME)/Applications";
				OTHER_CFLAGS = (
					"-DPD",
					"-DUSEAPI_DUMMY",
					"-DHAVE_LIBDL",
					"-DHAVE_UNISTD_H",
					"-DHAVE_ALLOCA_H",
					"-Wno-parentheses",
				);
				OTHER_LDFLAGS = "\"$(CINDER_PATH)/lib/libcinder_d.a\"";
				PRODUCT_NAME = PdTest;
				SYMROOT = ./build;
				WRAPPER_EXTENSION = app;
			};
			name = Debug;
		};
		C01FCF4C08A954540054247B /* Release */ = {
			isa = XCBuildConfiguration;
			buildSettings = {
				COMBINE_HIDPI_IMAGES = YES;
				DEAD_CODE_STRIPPING = YES;
				DEBUG_INFORMATION_FORMAT = "dwarf-with-dsym";
				GCC_FAST_MATH = YES;
				GCC_GENERATE_DEBUGGING_SYMBOLS = NO;
				GCC_INLINES_ARE_PRIVATE_EXTERN = YES;
				GCC_OPTIMIZATION_LEVEL = 3;
				GCC_PRECOMPILE_PREFIX_HEADER = YES;
				GCC_PREFIX_HEADER = PdTest_Prefix.pch;
				GCC_SYMBOLS_PRIVATE_EXTERN = NO;
				INFOPLIST_FILE = Info.plist;
				INSTALL_PATH = "$(HOME)/Applications";
				OTHER_CFLAGS = (
					"-DPD",
					"-DUSEAPI_DUMMY",
					"-DHAVE_LIBDL",
					"-DHAVE_UNISTD_H",
					"-DHAVE_ALLOCA_H",
					"-Wno-parentheses",
				);
				OTHER_LDFLAGS = "\"$(CINDER_PATH)/lib/libcinder.a\"";
				PRODUCT_NAME = PdTest;
				STRIP_INSTALLED_PRODUCT = YES;
				SYMROOT = ./build;
				WRAPPER_EXTENSION = app;
			};
			name = Release;
		};
		C01FCF4F08A954540054247B /* Debug */ = {
			isa = XCBuildConfiguration;
			buildSettings = {
				ALWAYS_SEARCH_USER_PATHS = NO;
				ARCHS = i386;
				CINDER_PATH = ../../../../..;
				CLANG_CXX_LANGUAGE_STANDARD = "c++0x";
				CLANG_CXX_LIBRARY = "libc++";
				GCC_WARN_ABOUT_RETURN_TYPE = YES;
				GCC_WARN_CHECK_SWITCH_STATEMENTS = NO;
				GCC_WARN_UNUSED_VARIABLE = NO;
				HEADER_SEARCH_PATHS = "\"$(CINDER_PATH)/boost\"";
				MACOSX_DEPLOYMENT_TARGET = 10.7;
				OTHER_CFLAGS = (
					"-DUSE_API_DUMMY",
					"-DHAVE_API_DUMMY",
					"-DHAVE_UNISTD_H",
					"-DPD",
					"-Wno-parentheses",
				);
				SDKROOT = macosx;
				USER_HEADER_SEARCH_PATHS = "\"$(CINDER_PATH)/include\" ../include ../../../libpd";
			};
			name = Debug;
		};
		C01FCF5008A954540054247B /* Release */ = {
			isa = XCBuildConfiguration;
			buildSettings = {
				ALWAYS_SEARCH_USER_PATHS = NO;
				ARCHS = i386;
				CINDER_PATH = ../../../../..;
				CLANG_CXX_LANGUAGE_STANDARD = "c++0x";
				CLANG_CXX_LIBRARY = "libc++";
				GCC_WARN_ABOUT_RETURN_TYPE = YES;
				GCC_WARN_CHECK_SWITCH_STATEMENTS = NO;
				GCC_WARN_UNUSED_VARIABLE = NO;
				HEADER_SEARCH_PATHS = "\"$(CINDER_PATH)/boost\"";
				MACOSX_DEPLOYMENT_TARGET = 10.7;
				OTHER_CFLAGS = (
					"-DUSE_API_DUMMY",
					"-DHAVE_API_DUMMY",
					"-DHAVE_UNISTD_H",
					"-DPD",
					"-Wno-parentheses",
				);
				SDKROOT = macosx;
				USER_HEADER_SEARCH_PATHS = "\"$(CINDER_PATH)/include\" ../include ../../../libpd";
			};
			name = Release;
		};
/* End XCBuildConfiguration section */

/* Begin XCConfigurationList section */
		C01FCF4A08A954540054247B /* Build configuration list for PBXNativeTarget "PdTest" */ = {
			isa = XCConfigurationList;
			buildConfigurations = (
				C01FCF4B08A954540054247B /* Debug */,
				C01FCF4C08A954540054247B /* Release */,
			);
			defaultConfigurationIsVisible = 0;
			defaultConfigurationName = Release;
		};
		C01FCF4E08A954540054247B /* Build configuration list for PBXProject "PdTest" */ = {
			isa = XCConfigurationList;
			buildConfigurations = (
				C01FCF4F08A954540054247B /* Debug */,
				C01FCF5008A954540054247B /* Release */,
			);
			defaultConfigurationIsVisible = 0;
			defaultConfigurationName = Release;
		};
/* End XCConfigurationList section */
	};
	rootObject = 29B97313FDCFA39411CA2CEA /* Project object */;
}
